// !$*UTF8*$!
{
	archiveVersion = 1;
	classes = {
	};
	objectVersion = 46;
	objects = {

/* Begin PBXBuildFile section */
		D97595C71DBE3D93009458E1 /* AppDelegate.swift in Sources */ = {isa = PBXBuildFile; fileRef = D97595C61DBE3D93009458E1 /* AppDelegate.swift */; };
		D97595C91DBE3D93009458E1 /* ViewController.swift in Sources */ = {isa = PBXBuildFile; fileRef = D97595C81DBE3D93009458E1 /* ViewController.swift */; };
		D97595CC1DBE3D93009458E1 /* Main.storyboard in Resources */ = {isa = PBXBuildFile; fileRef = D97595CA1DBE3D93009458E1 /* Main.storyboard */; };
		D97595CF1DBE3D93009458E1 /* FirstApp.xcdatamodeld in Sources */ = {isa = PBXBuildFile; fileRef = D97595CD1DBE3D93009458E1 /* FirstApp.xcdatamodeld */; };
		D97595D11DBE3D93009458E1 /* Assets.xcassets in Resources */ = {isa = PBXBuildFile; fileRef = D97595D01DBE3D93009458E1 /* Assets.xcassets */; };
		D97595D41DBE3D93009458E1 /* LaunchScreen.storyboard in Resources */ = {isa = PBXBuildFile; fileRef = D97595D21DBE3D93009458E1 /* LaunchScreen.storyboard */; };
		D97595DC1DBE45CB009458E1 /* QuestionAnswer.swift in Sources */ = {isa = PBXBuildFile; fileRef = D97595DB1DBE45CB009458E1 /* QuestionAnswer.swift */; };
/* End PBXBuildFile section */

/* Begin PBXFileReference section */
		D97595C31DBE3D93009458E1 /* FirstApp.app */ = {isa = PBXFileReference; explicitFileType = wrapper.application; includeInIndex = 0; path = FirstApp.app; sourceTree = BUILT_PRODUCTS_DIR; };
		D97595C61DBE3D93009458E1 /* AppDelegate.swift */ = {isa = PBXFileReference; lastKnownFileType = sourcecode.swift; path = AppDelegate.swift; sourceTree = "<group>"; };
		D97595C81DBE3D93009458E1 /* ViewController.swift */ = {isa = PBXFileReference; lastKnownFileType = sourcecode.swift; path = ViewController.swift; sourceTree = "<group>"; };
		D97595CB1DBE3D93009458E1 /* Base */ = {isa = PBXFileReference; lastKnownFileType = file.storyboard; name = Base; path = Base.lproj/Main.storyboard; sourceTree = "<group>"; };
		D97595CE1DBE3D93009458E1 /* FirstApp.xcdatamodel */ = {isa = PBXFileReference; lastKnownFileType = wrapper.xcdatamodel; path = FirstApp.xcdatamodel; sourceTree = "<group>"; };
		D97595D01DBE3D93009458E1 /* Assets.xcassets */ = {isa = PBXFileReference; lastKnownFileType = folder.assetcatalog; path = Assets.xcassets; sourceTree = "<group>"; };
		D97595D31DBE3D93009458E1 /* Base */ = {isa = PBXFileReference; lastKnownFileType = file.storyboard; name = Base; path = Base.lproj/LaunchScreen.storyboard; sourceTree = "<group>"; };
		D97595D51DBE3D93009458E1 /* Info.plist */ = {isa = PBXFileReference; lastKnownFileType = text.plist.xml; path = Info.plist; sourceTree = "<group>"; };
		D97595DB1DBE45CB009458E1 /* QuestionAnswer.swift */ = {isa = PBXFileReference; fileEncoding = 4; lastKnownFileType = sourcecode.swift; path = QuestionAnswer.swift; sourceTree = "<group>"; };
/* End PBXFileReference section */

/* Begin PBXFrameworksBuildPhase section */
		D97595C01DBE3D93009458E1 /* Frameworks */ = {
			isa = PBXFrameworksBuildPhase;
			buildActionMask = 2147483647;
			files = (
			);
			runOnlyForDeploymentPostprocessing = 0;
		};
/* End PBXFrameworksBuildPhase section */

/* Begin PBXGroup section */
		D97595BA1DBE3D93009458E1 = {
			isa = PBXGroup;
			children = (
				D97595C51DBE3D93009458E1 /* FirstApp */,
				D97595C41DBE3D93009458E1 /* Products */,
			);
			sourceTree = "<group>";
		};
		D97595C41DBE3D93009458E1 /* Products */ = {
			isa = PBXGroup;
			children = (
				D97595C31DBE3D93009458E1 /* FirstApp.app */,
			);
			name = Products;
			sourceTree = "<group>";
		};
		D97595C51DBE3D93009458E1 /* FirstApp */ = {
			isa = PBXGroup;
			children = (
				D97595C61DBE3D93009458E1 /* AppDelegate.swift */,
				D97595C81DBE3D93009458E1 /* ViewController.swift */,
				D97595CA1DBE3D93009458E1 /* Main.storyboard */,
				D97595DB1DBE45CB009458E1 /* QuestionAnswer.swift */,
				D97595D01DBE3D93009458E1 /* Assets.xcassets */,
				D97595D21DBE3D93009458E1 /* LaunchScreen.storyboard */,
				D97595D51DBE3D93009458E1 /* Info.plist */,
				D97595CD1DBE3D93009458E1 /* FirstApp.xcdatamodeld */,
			);
			path = FirstApp;
			sourceTree = "<group>";
		};
/* End PBXGroup section */

/* Begin PBXNativeTarget section */
		D97595C21DBE3D93009458E1 /* FirstApp */ = {
			isa = PBXNativeTarget;
			buildConfigurationList = D97595D81DBE3D93009458E1 /* Build configuration list for PBXNativeTarget "FirstApp" */;
			buildPhases = (
				D97595BF1DBE3D93009458E1 /* Sources */,
				D97595C01DBE3D93009458E1 /* Frameworks */,
				D97595C11DBE3D93009458E1 /* Resources */,
			);
			buildRules = (
			);
			dependencies = (
			);
			name = FirstApp;
			productName = FirstApp;
			productReference = D97595C31DBE3D93009458E1 /* FirstApp.app */;
			productType = "com.apple.product-type.application";
		};
/* End PBXNativeTarget section */

/* Begin PBXProject section */
		D97595BB1DBE3D93009458E1 /* Project object */ = {
			isa = PBXProject;
			attributes = {
				LastSwiftUpdateCheck = 0800;
				LastUpgradeCheck = 0800;
				ORGANIZATIONNAME = "Pavlos Nicolaou";
				TargetAttributes = {
					D97595C21DBE3D93009458E1 = {
						CreatedOnToolsVersion = 8.0;
						DevelopmentTeam = WWK47579VD;
						ProvisioningStyle = Automatic;
					};
				};
			};
			buildConfigurationList = D97595BE1DBE3D93009458E1 /* Build configuration list for PBXProject "FirstApp" */;
			compatibilityVersion = "Xcode 3.2";
			developmentRegion = English;
			hasScannedForEncodings = 0;
			knownRegions = (
				en,
				Base,
			);
			mainGroup = D97595BA1DBE3D93009458E1;
			productRefGroup = D97595C41DBE3D93009458E1 /* Products */;
			projectDirPath = "";
			projectRoot = "";
			targets = (
				D97595C21DBE3D93009458E1 /* FirstApp */,
			);
		};
/* End PBXProject section */

/* Begin PBXResourcesBuildPhase section */
		D97595C11DBE3D93009458E1 /* Resources */ = {
			isa = PBXResourcesBuildPhase;
			buildActionMask = 2147483647;
			files = (
				D97595D41DBE3D93009458E1 /* LaunchScreen.storyboard in Resources */,
				D97595D11DBE3D93009458E1 /* Assets.xcassets in Resources */,
				D97595CC1DBE3D93009458E1 /* Main.storyboard in Resources */,
			);
			runOnlyForDeploymentPostprocessing = 0;
		};
/* End PBXResourcesBuildPhase section */

/* Begin PBXSourcesBuildPhase section */
		D97595BF1DBE3D93009458E1 /* Sources */ = {
			isa = PBXSourcesBuildPhase;
			buildActionMask = 2147483647;
			files = (
				D97595CF1DBE3D93009458E1 /* FirstApp.xcdatamodeld in Sources */,
				D97595C91DBE3D93009458E1 /* ViewController.swift in Sources */,
				D97595C71DBE3D93009458E1 /* AppDelegate.swift in Sources */,
				D97595DC1DBE45CB009458E1 /* QuestionAnswer.swift in Sources */,
			);
			runOnlyForDeploymentPostprocessing = 0;
		};
/* End PBXSourcesBuildPhase section */

/* Begin PBXVariantGroup section */
		D97595CA1DBE3D93009458E1 /* Main.storyboard */ = {
			isa = PBXVariantGroup;
			children = (
				D97595CB1DBE3D93009458E1 /* Base */,
			);
			name = Main.storyboard;
			sourceTree = "<group>";
		};
		D97595D21DBE3D93009458E1 /* LaunchScreen.storyboard */ = {
			isa = PBXVariantGroup;
			children = (
				D97595D31DBE3D93009458E1 /* Base */,
			);
			name = LaunchScreen.storyboard;
			sourceTree = "<group>";
		};
/* End PBXVariantGroup section */

/* Begin XCBuildConfiguration section */
		D97595D61DBE3D93009458E1 /* Debug */ = {
			isa = XCBuildConfiguration;
			buildSettings = {
				ALWAYS_SEARCH_USER_PATHS = NO;
				CLANG_ANALYZER_NONNULL = YES;
				CLANG_CXX_LANGUAGE_STANDARD = "gnu++0x";
				CLANG_CXX_LIBRARY = "libc++";
				CLANG_ENABLE_MODULES = YES;
				CLANG_ENABLE_OBJC_ARC = YES;
				CLANG_WARN_BOOL_CONVERSION = YES;
				CLANG_WARN_CONSTANT_CONVERSION = YES;
				CLANG_WARN_DIRECT_OBJC_ISA_USAGE = YES_ERROR;
				CLANG_WARN_DOCUMENTATION_COMMENTS = YES;
				CLANG_WARN_EMPTY_BODY = YES;
				CLANG_WARN_ENUM_CONVERSION = YES;
				CLANG_WARN_INFINITE_RECURSION = YES;
				CLANG_WARN_INT_CONVERSION = YES;
				CLANG_WARN_OBJC_ROOT_CLASS = YES_ERROR;
				CLANG_WARN_SUSPICIOUS_MOVES = YES;
				CLANG_WARN_UNREACHABLE_CODE = YES;
				CLANG_WARN__DUPLICATE_METHOD_MATCH = YES;
				"CODE_SIGN_IDENTITY[sdk=iphoneos*]" = "iPhone Developer";
				COPY_PHASE_STRIP = NO;
				DEBUG_INFORMATION_FORMAT = dwarf;
				ENABLE_STRICT_OBJC_MSGSEND = YES;
				ENABLE_TESTABILITY = YES;
				GCC_C_LANGUAGE_STANDARD = gnu99;
				GCC_DYNAMIC_NO_PIC = NO;
				GCC_NO_COMMON_BLOCKS = YES;
				GCC_OPTIMIZATION_LEVEL = 0;
				GCC_PREPROCESSOR_DEFINITIONS = (
					"DEBUG=1",
					"$(inherited)",
				);
				GCC_WARN_64_TO_32_BIT_CONVERSION = YES;
				GCC_WARN_ABOUT_RETURN_TYPE = YES_ERROR;
				GCC_WARN_UNDECLARED_SELECTOR = YES;
				GCC_WARN_UNINITIALIZED_AUTOS = YES_AGGRESSIVE;
				GCC_WARN_UNUSED_FUNCTION = YES;
				GCC_WARN_UNUSED_VARIABLE = YES;
				IPHONEOS_DEPLOYMENT_TARGET = 10.0;
				MTL_ENABLE_DEBUG_INFO = YES;
				ONLY_ACTIVE_ARCH = YES;
				SDKROOT = iphoneos;
				SWIFT_ACTIVE_COMPILATION_CONDITIONS = DEBUG;
				SWIFT_OPTIMIZATION_LEVEL = "-Onone";
			};
			name = Debug;
		};
		D97595D71DBE3D93009458E1 /* Release */ = {
			isa = XCBuildConfiguration;
			buildSettings = {
				ALWAYS_SEARCH_USER_PATHS = NO;
				CLANG_ANALYZER_NONNULL = YES;
				CLANG_CXX_LANGUAGE_STANDARD = "gnu++0x";
				CLANG_CXX_LIBRARY = "libc++";
				CLANG_ENABLE_MODULES = YES;
				CLANG_ENABLE_OBJC_ARC = YES;
				CLANG_WARN_BOOL_CONVERSION = YES;
				CLANG_WARN_CONSTANT_CONVERSION = YES;
				CLANG_WARN_DIRECT_OBJC_ISA_USAGE = YES_ERROR;
				CLANG_WARN_DOCUMENTATION_COMMENTS = YES;
				CLANG_WARN_EMPTY_BODY = YES;
				CLANG_WARN_ENUM_CONVERSION = YES;
				CLANG_WARN_INFINITE_RECURSION = YES;
				CLANG_WARN_INT_CONVERSION = YES;
				CLANG_WARN_OBJC_ROOT_CLASS = YES_ERROR;
				CLANG_WARN_SUSPICIOUS_MOVES = YES;
				CLANG_WARN_UNREACHABLE_CODE = YES;
				CLANG_WARN__DUPLICATE_METHOD_MATCH = YES;
				"CODE_SIGN_IDENTITY[sdk=iphoneos*]" = "iPhone Developer";
				COPY_PHASE_STRIP = NO;
				DEBUG_INFORMATION_FORMAT = "dwarf-with-dsym";
				ENABLE_NS_ASSERTIONS = NO;
				ENABLE_STRICT_OBJC_MSGSEND = YES;
				GCC_C_LANGUAGE_STANDARD = gnu99;
				GCC_NO_COMMON_BLOCKS = YES;
				GCC_WARN_64_TO_32_BIT_CONVERSION = YES;
				GCC_WARN_ABOUT_RETURN_TYPE = YES_ERROR;
				GCC_WARN_UNDECLARED_SELECTOR = YES;
				GCC_WARN_UNINITIALIZED_AUTOS = YES_AGGRESSIVE;
				GCC_WARN_UNUSED_FUNCTION = YES;
				GCC_WARN_UNUSED_VARIABLE = YES;
				IPHONEOS_DEPLOYMENT_TARGET = 10.0;
				MTL_ENABLE_DEBUG_INFO = NO;
				SDKROOT = iphoneos;
				SWIFT_OPTIMIZATION_LEVEL = "-Owholemodule";
				VALIDATE_PRODUCT = YES;
			};
			name = Release;
		};
		D97595D91DBE3D93009458E1 /* Debug */ = {
			isa = XCBuildConfiguration;
			buildSettings = {
				ASSETCATALOG_COMPILER_APPICON_NAME = AppIcon;
				DEVELOPMENT_TEAM = WWK47579VD;
				INFOPLIST_FILE = FirstApp/Info.plist;
				LD_RUNPATH_SEARCH_PATHS = "$(inherited) @executable_path/Frameworks";
				PRODUCT_BUNDLE_IDENTIFIER = pavlosnicolaou.FirstApp;
				PRODUCT_NAME = "$(TARGET_NAME)";
				SWIFT_VERSION = 3.0;
			};
			name = Debug;
		};
		D97595DA1DBE3D93009458E1 /* Release */ = {
			isa = XCBuildConfiguration;
			buildSettings = {
				ASSETCATALOG_COMPILER_APPICON_NAME = AppIcon;
				DEVELOPMENT_TEAM = WWK47579VD;
				INFOPLIST_FILE = FirstApp/Info.plist;
				LD_RUNPATH_SEARCH_PATHS = "$(inherited) @executable_path/Frameworks";
				PRODUCT_BUNDLE_IDENTIFIER = pavlosnicolaou.FirstApp;
				PRODUCT_NAME = "$(TARGET_NAME)";
				SWIFT_VERSION = 3.0;
			};
			name = Release;
		};
/* End XCBuildConfiguration section */

/* Begin XCConfigurationList section */
		D97595BE1DBE3D93009458E1 /* Build configuration list for PBXProject "FirstApp" */ = {
			isa = XCConfigurationList;
			buildConfigurations = (
				D97595D61DBE3D93009458E1 /* Debug */,
				D97595D71DBE3D93009458E1 /* Release */,
			);
			defaultConfigurationIsVisible = 0;
			defaultConfigurationName = Release;
		};
		D97595D81DBE3D93009458E1 /* Build configuration list for PBXNativeTarget "FirstApp" */ = {
			isa = XCConfigurationList;
			buildConfigurations = (
				D97595D91DBE3D93009458E1 /* Debug */,
				D97595DA1DBE3D93009458E1 /* Release */,
			);
			defaultConfigurationIsVisible = 0;
		};
/* End XCConfigurationList section */

/* Begin XCVersionGroup section */
		D97595CD1DBE3D93009458E1 /* FirstApp.xcdatamodeld */ = {
			isa = XCVersionGroup;
			children = (
				D97595CE1DBE3D93009458E1 /* FirstApp.xcdatamodel */,
			);
			currentVersion = D97595CE1DBE3D93009458E1 /* FirstApp.xcdatamodel */;
			path = FirstApp.xcdatamodeld;
			sourceTree = "<group>";
			versionGroupType = wrapper.xcdatamodel;
		};
/* End XCVersionGroup section */
	};
	rootObject = D97595BB1DBE3D93009458E1 /* Project object */;
}
